PODS:
  - CollieGallery (0.7.2):
    - DeviceKit (= 5.0)
  - DeviceKit (5.0.0)
  - Nimble (11.2.0)
  - Quick (6.0.1)

DEPENDENCIES:
  - CollieGallery (from `../`)
  - Nimble (= 11.2.0)
  - Quick (= 6.0.1)

SPEC REPOS:
  trunk:
    - DeviceKit
    - Nimble
    - Quick

EXTERNAL SOURCES:
  CollieGallery:
    :path: "../"

SPEC CHECKSUMS:
  CollieGallery: 32046ad98223e8e5fb606a815ea8ead793148467
  DeviceKit: 0fd016a2cb67aca17c33dc23171cac270131eb88
  Nimble: cab2cc29436a378f595e8babd231440dfcb0a358
  Quick: abd15c0936cf347a5e36c51325697d12aebc3c5a

PODFILE CHECKSUM: 52a693f6cde5fd051bf662a980a91bfdc92c35e8

COCOAPODS: 1.11.3
